
Microsoft Visual Studio Solution File, Format Version 12.00
Project("{FAE04EC0-301F-11D3-BF4B-00C04F79EFBC}") = "_453502_Бибиков", "_453502_Бибиков\_453502_Бибиков.csproj", "{CE5F1776-E087-477C-A78A-263C53FCAE41}"
EndProject
Global
	GlobalSection(SolutionConfigurationPlatforms) = preSolution
		Debug|Any CPU = Debug|Any CPU
		Release|Any CPU = Release|Any CPU
	EndGlobalSection
	GlobalSection(ProjectConfigurationPlatforms) = postSolution
		{CE5F1776-E087-477C-A78A-263C53FCAE41}.Debug|Any CPU.ActiveCfg = Debug|Any CPU
		{CE5F1776-E087-477C-A78A-263C53FCAE41}.Debug|Any CPU.Build.0 = Debug|Any CPU
		{CE5F1776-E087-477C-A78A-263C53FCAE41}.Release|Any CPU.ActiveCfg = Release|Any CPU
		{CE5F1776-E087-477C-A78A-263C53FCAE41}.Release|Any CPU.Build.0 = Release|Any CPU
	EndGlobalSection
EndGlobal
